
Microsoft Visual Studio Solution File, Format Version 12.00
# Visual Studio Version 16
VisualStudioVersion = 16.0.34031.81
MinimumVisualStudioVersion = 10.0.40219.1
Project("{2150E333-8FDC-42A3-9474-1A3956D46DE8}") = "Task0", "Task0", "{03A637EE-91DA-4848-8451-E700083178EC}"
EndProject
Project("{FAE04EC0-301F-11D3-BF4B-00C04F79EFBC}") = "Tyuiu.KonovalovaAO.Sprint0.Task0.V0", "Tyuiu.KonovalovaAO.Sprint0.Task0.V0\Tyuiu.KonovalovaAO.Sprint0.Task0.V0.csproj", "{6F191F3B-3302-4B66-AA0F-B1C4C37430FC}"
EndProject
Project("{2150E333-8FDC-42A3-9474-1A3956D46DE8}") = "TAsk1", "TAsk1", "{CD72C9D8-3C75-41CE-8CC7-411EBA992DB5}"
EndProject
Project("{FAE04EC0-301F-11D3-BF4B-00C04F79EFBC}") = "Tyuiu.KonovalovaAO.Sprint0.Task1.V0", "Tyuiu.KonovalovaAO.Sprint0.Task1.V0\Tyuiu.KonovalovaAO.Sprint0.Task1.V0.csproj", "{E0402CFD-F3F6-4FD7-98DC-33007B2B2E20}"
EndProject
Project("{2150E333-8FDC-42A3-9474-1A3956D46DE8}") = "Task2", "Task2", "{6732BE3A-3CF5-407D-B1BF-764A39BF044E}"
EndProject
Project("{FAE04EC0-301F-11D3-BF4B-00C04F79EFBC}") = "Tyuiu.KonovalovaAO.Sprint0.Task2.V0", "Tyuiu.KonovalovaAO.Sprint0.Task2.V0\Tyuiu.KonovalovaAO.Sprint0.Task2.V0.csproj", "{FAFE6E34-3E34-4251-BFD9-3B2DB481844C}"
EndProject
Project("{FAE04EC0-301F-11D3-BF4B-00C04F79EFBC}") = "Tyuiu.KonovalovaAO.Sprint0.Task2.V0.Lib", "Tyuiu.KonovalovaAO.Sprint0.Task2.V0.Lib\Tyuiu.KonovalovaAO.Sprint0.Task2.V0.Lib.csproj", "{DEB2D661-6C34-4DE9-BD2F-C8B1F321F18C}"
EndProject
Project("{FAE04EC0-301F-11D3-BF4B-00C04F79EFBC}") = "Tyuiu.KonovalovaAO.Sprint0.Task2.V0.Test", "Tyuiu.KonovalovaAO.Sprint0.Task2.V0.Test\Tyuiu.KonovalovaAO.Sprint0.Task2.V0.Test.csproj", "{9CBF049C-AB93-4361-9BB1-32C2DA842F9A}"
EndProject
Project("{2150E333-8FDC-42A3-9474-1A3956D46DE8}") = "Task3", "Task3", "{C99B3968-1E1C-4240-A495-C07D0CF20181}"
EndProject
Project("{FAE04EC0-301F-11D3-BF4B-00C04F79EFBC}") = "Tyuiu.KonovalovaAO.Sprint0.Task3.V0", "Tyuiu.KonovalovaAO.Sprint0.Task3.V0\Tyuiu.KonovalovaAO.Sprint0.Task3.V0.csproj", "{53AAAD99-35FD-4AAA-941F-9AD3CEF6EE73}"
EndProject
Project("{FAE04EC0-301F-11D3-BF4B-00C04F79EFBC}") = "Tyuiu.KonovalovaAO.Sprint0.Task3.V0.Lib", "Tyuiu.KonovalovaAO.Sprint0.Task3.V0.Lib\Tyuiu.KonovalovaAO.Sprint0.Task3.V0.Lib.csproj", "{E0733B1C-3EC4-4513-980C-1D5101501FFB}"
EndProject
Project("{FAE04EC0-301F-11D3-BF4B-00C04F79EFBC}") = "Tyuiu.KonovalovaAO.Sprint0.Task3.V0.Test", "Tyuiu.KonovalovaAO.Sprint0.Task3.V0.Test\Tyuiu.KonovalovaAO.Sprint0.Task3.V0.Test.csproj", "{7ADB3071-04E9-4194-A40E-EED721DDA09D}"
EndProject
Project("{2150E333-8FDC-42A3-9474-1A3956D46DE8}") = "Task4", "Task4", "{ECACE735-2460-4721-843C-78C55634F4F7}"
EndProject
Project("{FAE04EC0-301F-11D3-BF4B-00C04F79EFBC}") = "Tyuiu.KonovalovaAO.Sprint0.Task4.V0.Test", "Tyuiu.KonovalovaAO.Sprint0.Task4.V0.Test\Tyuiu.KonovalovaAO.Sprint0.Task4.V0.Test.csproj", "{7DEE5C3D-AAF1-4A64-A1CF-39E7E752FDD5}"
EndProject
Project("{FAE04EC0-301F-11D3-BF4B-00C04F79EFBC}") = "Tyuiu.KonovalovaAO.Sprint0.Task4.V0", "Tyuiu.KonovalovaAO.Sprint0.Task4.V0\Tyuiu.KonovalovaAO.Sprint0.Task4.V0.csproj", "{2820B656-941D-4BCE-A01B-7974362FFEC6}"
EndProject
Project("{FAE04EC0-301F-11D3-BF4B-00C04F79EFBC}") = "Tyuiu.KonovalovaAO.Sprint0.Task4.V0.Lib", "Tyuiu.KonovalovaAO.Sprint0.Task4.V0.Lib\Tyuiu.KonovalovaAO.Sprint0.Task4.V0.Lib.csproj", "{D9D46A78-DDD6-477B-B29F-E9A7CC5C07D6}"
EndProject
Project("{2150E333-8FDC-42A3-9474-1A3956D46DE8}") = "Task5", "Task5", "{0C955D6F-E566-45E1-9BC5-D8325722C774}"
EndProject
Project("{FAE04EC0-301F-11D3-BF4B-00C04F79EFBC}") = "Tyuiu.KonovalovaAO.Sprint0.Task5.V0.Lib", "Tyuiu.KonovalovaAO.Sprint0.Task5.V0.Lib\Tyuiu.KonovalovaAO.Sprint0.Task5.V0.Lib.csproj", "{3093E8C8-5F2D-4D94-B79E-C86158BCD7ED}"
EndProject
Project("{FAE04EC0-301F-11D3-BF4B-00C04F79EFBC}") = "Tyuiu.KonovalovaAO.Sprint0.Task5.V0", "Tyuiu.KonovalovaAO.Sprint0.Task5.V0\Tyuiu.KonovalovaAO.Sprint0.Task5.V0.csproj", "{4ED5813D-8E4B-4114-8237-88FF0168CE88}"
EndProject
Project("{FAE04EC0-301F-11D3-BF4B-00C04F79EFBC}") = "Tyuiu.KonovalovaAO.Sprint0.Task5.V0.Test", "Tyuiu.KonovalovaAO.Sprint0.Task5.V0.Test\Tyuiu.KonovalovaAO.Sprint0.Task5.V0.Test.csproj", "{CE522F6F-93B3-4C3F-898C-7651E43A0F33}"
EndProject
Global
	GlobalSection(SolutionConfigurationPlatforms) = preSolution
		Debug|Any CPU = Debug|Any CPU
		Release|Any CPU = Release|Any CPU
	EndGlobalSection
	GlobalSection(ProjectConfigurationPlatforms) = postSolution
		{6F191F3B-3302-4B66-AA0F-B1C4C37430FC}.Debug|Any CPU.ActiveCfg = Debug|Any CPU
		{6F191F3B-3302-4B66-AA0F-B1C4C37430FC}.Debug|Any CPU.Build.0 = Debug|Any CPU
		{6F191F3B-3302-4B66-AA0F-B1C4C37430FC}.Release|Any CPU.ActiveCfg = Release|Any CPU
		{6F191F3B-3302-4B66-AA0F-B1C4C37430FC}.Release|Any CPU.Build.0 = Release|Any CPU
		{E0402CFD-F3F6-4FD7-98DC-33007B2B2E20}.Debug|Any CPU.ActiveCfg = Debug|Any CPU
		{E0402CFD-F3F6-4FD7-98DC-33007B2B2E20}.Debug|Any CPU.Build.0 = Debug|Any CPU
		{E0402CFD-F3F6-4FD7-98DC-33007B2B2E20}.Release|Any CPU.ActiveCfg = Release|Any CPU
		{E0402CFD-F3F6-4FD7-98DC-33007B2B2E20}.Release|Any CPU.Build.0 = Release|Any CPU
		{FAFE6E34-3E34-4251-BFD9-3B2DB481844C}.Debug|Any CPU.ActiveCfg = Debug|Any CPU
		{FAFE6E34-3E34-4251-BFD9-3B2DB481844C}.Debug|Any CPU.Build.0 = Debug|Any CPU
		{FAFE6E34-3E34-4251-BFD9-3B2DB481844C}.Release|Any CPU.ActiveCfg = Release|Any CPU
		{FAFE6E34-3E34-4251-BFD9-3B2DB481844C}.Release|Any CPU.Build.0 = Release|Any CPU
		{DEB2D661-6C34-4DE9-BD2F-C8B1F321F18C}.Debug|Any CPU.ActiveCfg = Debug|Any CPU
		{DEB2D661-6C34-4DE9-BD2F-C8B1F321F18C}.Debug|Any CPU.Build.0 = Debug|Any CPU
		{DEB2D661-6C34-4DE9-BD2F-C8B1F321F18C}.Release|Any CPU.ActiveCfg = Release|Any CPU
		{DEB2D661-6C34-4DE9-BD2F-C8B1F321F18C}.Release|Any CPU.Build.0 = Release|Any CPU
		{9CBF049C-AB93-4361-9BB1-32C2DA842F9A}.Debug|Any CPU.ActiveCfg = Debug|Any CPU
		{9CBF049C-AB93-4361-9BB1-32C2DA842F9A}.Debug|Any CPU.Build.0 = Debug|Any CPU
		{9CBF049C-AB93-4361-9BB1-32C2DA842F9A}.Release|Any CPU.ActiveCfg = Release|Any CPU
		{9CBF049C-AB93-4361-9BB1-32C2DA842F9A}.Release|Any CPU.Build.0 = Release|Any CPU
		{53AAAD99-35FD-4AAA-941F-9AD3CEF6EE73}.Debug|Any CPU.ActiveCfg = Debug|Any CPU
		{53AAAD99-35FD-4AAA-941F-9AD3CEF6EE73}.Debug|Any CPU.Build.0 = Debug|Any CPU
		{53AAAD99-35FD-4AAA-941F-9AD3CEF6EE73}.Release|Any CPU.ActiveCfg = Release|Any CPU
		{53AAAD99-35FD-4AAA-941F-9AD3CEF6EE73}.Release|Any CPU.Build.0 = Release|Any CPU
		{E0733B1C-3EC4-4513-980C-1D5101501FFB}.Debug|Any CPU.ActiveCfg = Debug|Any CPU
		{E0733B1C-3EC4-4513-980C-1D5101501FFB}.Debug|Any CPU.Build.0 = Debug|Any CPU
		{E0733B1C-3EC4-4513-980C-1D5101501FFB}.Release|Any CPU.ActiveCfg = Release|Any CPU
		{E0733B1C-3EC4-4513-980C-1D5101501FFB}.Release|Any CPU.Build.0 = Release|Any CPU
		{7ADB3071-04E9-4194-A40E-EED721DDA09D}.Debug|Any CPU.ActiveCfg = Debug|Any CPU
		{7ADB3071-04E9-4194-A40E-EED721DDA09D}.Debug|Any CPU.Build.0 = Debug|Any CPU
		{7ADB3071-04E9-4194-A40E-EED721DDA09D}.Release|Any CPU.ActiveCfg = Release|Any CPU
		{7ADB3071-04E9-4194-A40E-EED721DDA09D}.Release|Any CPU.Build.0 = Release|Any CPU
		{7DEE5C3D-AAF1-4A64-A1CF-39E7E752FDD5}.Debug|Any CPU.ActiveCfg = Debug|Any CPU
		{7DEE5C3D-AAF1-4A64-A1CF-39E7E752FDD5}.Debug|Any CPU.Build.0 = Debug|Any CPU
		{7DEE5C3D-AAF1-4A64-A1CF-39E7E752FDD5}.Release|Any CPU.ActiveCfg = Release|Any CPU
		{7DEE5C3D-AAF1-4A64-A1CF-39E7E752FDD5}.Release|Any CPU.Build.0 = Release|Any CPU
		{2820B656-941D-4BCE-A01B-7974362FFEC6}.Debug|Any CPU.ActiveCfg = Debug|Any CPU
		{2820B656-941D-4BCE-A01B-7974362FFEC6}.Debug|Any CPU.Build.0 = Debug|Any CPU
		{2820B656-941D-4BCE-A01B-7974362FFEC6}.Release|Any CPU.ActiveCfg = Release|Any CPU
		{2820B656-941D-4BCE-A01B-7974362FFEC6}.Release|Any CPU.Build.0 = Release|Any CPU
		{D9D46A78-DDD6-477B-B29F-E9A7CC5C07D6}.Debug|Any CPU.ActiveCfg = Debug|Any CPU
		{D9D46A78-DDD6-477B-B29F-E9A7CC5C07D6}.Debug|Any CPU.Build.0 = Debug|Any CPU
		{D9D46A78-DDD6-477B-B29F-E9A7CC5C07D6}.Release|Any CPU.ActiveCfg = Release|Any CPU
		{D9D46A78-DDD6-477B-B29F-E9A7CC5C07D6}.Release|Any CPU.Build.0 = Release|Any CPU
		{3093E8C8-5F2D-4D94-B79E-C86158BCD7ED}.Debug|Any CPU.ActiveCfg = Debug|Any CPU
		{3093E8C8-5F2D-4D94-B79E-C86158BCD7ED}.Debug|Any CPU.Build.0 = Debug|Any CPU
		{3093E8C8-5F2D-4D94-B79E-C86158BCD7ED}.Release|Any CPU.ActiveCfg = Release|Any CPU
		{3093E8C8-5F2D-4D94-B79E-C86158BCD7ED}.Release|Any CPU.Build.0 = Release|Any CPU
		{4ED5813D-8E4B-4114-8237-88FF0168CE88}.Debug|Any CPU.ActiveCfg = Debug|Any CPU
		{4ED5813D-8E4B-4114-8237-88FF0168CE88}.Debug|Any CPU.Build.0 = Debug|Any CPU
		{4ED5813D-8E4B-4114-8237-88FF0168CE88}.Release|Any CPU.ActiveCfg = Release|Any CPU
		{4ED5813D-8E4B-4114-8237-88FF0168CE88}.Release|Any CPU.Build.0 = Release|Any CPU
		{CE522F6F-93B3-4C3F-898C-7651E43A0F33}.Debug|Any CPU.ActiveCfg = Debug|Any CPU
		{CE522F6F-93B3-4C3F-898C-7651E43A0F33}.Debug|Any CPU.Build.0 = Debug|Any CPU
		{CE522F6F-93B3-4C3F-898C-7651E43A0F33}.Release|Any CPU.ActiveCfg = Release|Any CPU
		{CE522F6F-93B3-4C3F-898C-7651E43A0F33}.Release|Any CPU.Build.0 = Release|Any CPU
	EndGlobalSection
	GlobalSection(SolutionProperties) = preSolution
		HideSolutionNode = FALSE
	EndGlobalSection
	GlobalSection(NestedProjects) = preSolution
		{6F191F3B-3302-4B66-AA0F-B1C4C37430FC} = {03A637EE-91DA-4848-8451-E700083178EC}
		{E0402CFD-F3F6-4FD7-98DC-33007B2B2E20} = {CD72C9D8-3C75-41CE-8CC7-411EBA992DB5}
		{FAFE6E34-3E34-4251-BFD9-3B2DB481844C} = {6732BE3A-3CF5-407D-B1BF-764A39BF044E}
		{DEB2D661-6C34-4DE9-BD2F-C8B1F321F18C} = {6732BE3A-3CF5-407D-B1BF-764A39BF044E}
		{9CBF049C-AB93-4361-9BB1-32C2DA842F9A} = {6732BE3A-3CF5-407D-B1BF-764A39BF044E}
		{53AAAD99-35FD-4AAA-941F-9AD3CEF6EE73} = {C99B3968-1E1C-4240-A495-C07D0CF20181}
		{E0733B1C-3EC4-4513-980C-1D5101501FFB} = {C99B3968-1E1C-4240-A495-C07D0CF20181}
		{7ADB3071-04E9-4194-A40E-EED721DDA09D} = {C99B3968-1E1C-4240-A495-C07D0CF20181}
		{7DEE5C3D-AAF1-4A64-A1CF-39E7E752FDD5} = {ECACE735-2460-4721-843C-78C55634F4F7}
		{2820B656-941D-4BCE-A01B-7974362FFEC6} = {ECACE735-2460-4721-843C-78C55634F4F7}
		{D9D46A78-DDD6-477B-B29F-E9A7CC5C07D6} = {ECACE735-2460-4721-843C-78C55634F4F7}
		{3093E8C8-5F2D-4D94-B79E-C86158BCD7ED} = {0C955D6F-E566-45E1-9BC5-D8325722C774}
		{4ED5813D-8E4B-4114-8237-88FF0168CE88} = {0C955D6F-E566-45E1-9BC5-D8325722C774}
		{CE522F6F-93B3-4C3F-898C-7651E43A0F33} = {0C955D6F-E566-45E1-9BC5-D8325722C774}
	EndGlobalSection
	GlobalSection(ExtensibilityGlobals) = postSolution
		SolutionGuid = {04AD00FC-A0EA-473F-9674-FCFDA6FEBD25}
	EndGlobalSection
EndGlobal
